
Microsoft Visual Studio Solution File, Format Version 12.00
# Visual Studio 15
VisualStudioVersion = 15.0.27428.2015
MinimumVisualStudioVersion = 10.0.40219.1
Project("{FAE04EC0-301F-11D3-BF4B-00C04F79EFBC}") = "PuzlHelp", "PuzlHelp\PuzlHelp.csproj", "{ECCAA112-577F-41AE-9B72-37FFC0D8FB34}"
EndProject
Global
	GlobalSection(SolutionConfigurationPlatforms) = preSolution
		Debug|Any CPU = Debug|Any CPU
		Release|Any CPU = Release|Any CPU
	EndGlobalSection
	GlobalSection(ProjectConfigurationPlatforms) = postSolution
		{ECCAA112-577F-41AE-9B72-37FFC0D8FB34}.Debug|Any CPU.ActiveCfg = Debug|Any CPU
		{ECCAA112-577F-41AE-9B72-37FFC0D8FB34}.Debug|Any CPU.Build.0 = Debug|Any CPU
		{ECCAA112-577F-41AE-9B72-37FFC0D8FB34}.Release|Any CPU.ActiveCfg = Release|Any CPU
		{ECCAA112-577F-41AE-9B72-37FFC0D8FB34}.Release|Any CPU.Build.0 = Release|Any CPU
	EndGlobalSection
	GlobalSection(SolutionProperties) = preSolution
		HideSolutionNode = FALSE
	EndGlobalSection
	GlobalSection(ExtensibilityGlobals) = postSolution
		SolutionGuid = {6D36DBD5-EA53-4014-9C20-F5A9FBE13201}
	EndGlobalSection
EndGlobal
